
Microsoft Visual Studio Solution File, Format Version 12.00
# Visual Studio Version 17
VisualStudioVersion = 17.5.002.0
MinimumVisualStudioVersion = 10.0.40219.1
Project("{9A19103F-16F7-4668-BE54-9A1E7A4F7556}") = "Knowledge-Check-2-for-Software", "Knowledge-Check-2-for-Software.csproj", "{ADF6F248-3B58-4BD5-BA0C-23600665560D}"
EndProject
Global
	GlobalSection(SolutionConfigurationPlatforms) = preSolution
		Debug|Any CPU = Debug|Any CPU
		Release|Any CPU = Release|Any CPU
	EndGlobalSection
	GlobalSection(ProjectConfigurationPlatforms) = postSolution
		{ADF6F248-3B58-4BD5-BA0C-23600665560D}.Debug|Any CPU.ActiveCfg = Debug|Any CPU
		{ADF6F248-3B58-4BD5-BA0C-23600665560D}.Debug|Any CPU.Build.0 = Debug|Any CPU
		{ADF6F248-3B58-4BD5-BA0C-23600665560D}.Release|Any CPU.ActiveCfg = Release|Any CPU
		{ADF6F248-3B58-4BD5-BA0C-23600665560D}.Release|Any CPU.Build.0 = Release|Any CPU
	EndGlobalSection
	GlobalSection(SolutionProperties) = preSolution
		HideSolutionNode = FALSE
	EndGlobalSection
	GlobalSection(ExtensibilityGlobals) = postSolution
		SolutionGuid = {71F1F334-0F43-4C0E-9775-6A05E32DCA46}
	EndGlobalSection
EndGlobal
